
Microsoft Visual Studio Solution File, Format Version 12.00
# Visual Studio Version 17
VisualStudioVersion = 17.8.34316.72
MinimumVisualStudioVersion = 10.0.40219.1
Project("{FAE04EC0-301F-11D3-BF4B-00C04F79EFBC}") = "ADONetBackup", "ADONetBackup\ADONetBackup.csproj", "{E0DFB3E0-417A-4519-A5C1-F1715C95DCC7}"
EndProject
Project("{FAE04EC0-301F-11D3-BF4B-00C04F79EFBC}") = "ADONetShop", "ADONetShop\ADONetShop.csproj", "{98064F12-E720-482E-B741-4C00FBAE2F41}"
EndProject
Global
	GlobalSection(SolutionConfigurationPlatforms) = preSolution
		Debug|Any CPU = Debug|Any CPU
		Release|Any CPU = Release|Any CPU
	EndGlobalSection
	GlobalSection(ProjectConfigurationPlatforms) = postSolution
		{E0DFB3E0-417A-4519-A5C1-F1715C95DCC7}.Debug|Any CPU.ActiveCfg = Debug|Any CPU
		{E0DFB3E0-417A-4519-A5C1-F1715C95DCC7}.Debug|Any CPU.Build.0 = Debug|Any CPU
		{E0DFB3E0-417A-4519-A5C1-F1715C95DCC7}.Release|Any CPU.ActiveCfg = Release|Any CPU
		{E0DFB3E0-417A-4519-A5C1-F1715C95DCC7}.Release|Any CPU.Build.0 = Release|Any CPU
		{98064F12-E720-482E-B741-4C00FBAE2F41}.Debug|Any CPU.ActiveCfg = Debug|Any CPU
		{98064F12-E720-482E-B741-4C00FBAE2F41}.Debug|Any CPU.Build.0 = Debug|Any CPU
		{98064F12-E720-482E-B741-4C00FBAE2F41}.Release|Any CPU.ActiveCfg = Release|Any CPU
		{98064F12-E720-482E-B741-4C00FBAE2F41}.Release|Any CPU.Build.0 = Release|Any CPU
	EndGlobalSection
	GlobalSection(SolutionProperties) = preSolution
		HideSolutionNode = FALSE
	EndGlobalSection
	GlobalSection(ExtensibilityGlobals) = postSolution
		SolutionGuid = {C2F63953-DE73-4928-85D6-63FB36634575}
	EndGlobalSection
EndGlobal
